
Microsoft Visual Studio Solution File, Format Version 12.00
# Visual Studio Version 16
VisualStudioVersion = 16.0.31129.286
MinimumVisualStudioVersion = 10.0.40219.1
Project("{FAE04EC0-301F-11D3-BF4B-00C04F79EFBC}") = "todoapp-server", "todoapp-server\todoapp-server.csproj", "{7E9C235B-469A-4963-B686-3A92CFF6FF8F}"
EndProject
Global
	GlobalSection(SolutionConfigurationPlatforms) = preSolution
		Debug|Any CPU = Debug|Any CPU
		Release|Any CPU = Release|Any CPU
	EndGlobalSection
	GlobalSection(ProjectConfigurationPlatforms) = postSolution
		{7E9C235B-469A-4963-B686-3A92CFF6FF8F}.Debug|Any CPU.ActiveCfg = Debug|Any CPU
		{7E9C235B-469A-4963-B686-3A92CFF6FF8F}.Debug|Any CPU.Build.0 = Debug|Any CPU
		{7E9C235B-469A-4963-B686-3A92CFF6FF8F}.Release|Any CPU.ActiveCfg = Release|Any CPU
		{7E9C235B-469A-4963-B686-3A92CFF6FF8F}.Release|Any CPU.Build.0 = Release|Any CPU
	EndGlobalSection
	GlobalSection(SolutionProperties) = preSolution
		HideSolutionNode = FALSE
	EndGlobalSection
	GlobalSection(ExtensibilityGlobals) = postSolution
		SolutionGuid = {5C7667CA-E4E0-4CD2-99EA-8BE91D68CCDA}
	EndGlobalSection
EndGlobal
